
Microsoft Visual Studio Solution File, Format Version 12.00
# Visual Studio 2013
VisualStudioVersion = 12.0.21005.1
MinimumVisualStudioVersion = 10.0.40219.1
Project("{2150E333-8FDC-42A3-9474-1A3956D46DE8}") = "Solution Items", "Solution Items", "{16430A8E-FD44-4740-8A7B-A683E5AC0169}"
	ProjectSection(SolutionItems) = preProject
		Lab.testsettings = Lab.testsettings
	EndProjectSection
EndProject
Project("{2150E333-8FDC-42A3-9474-1A3956D46DE8}") = "Web App", "Web App", "{97324856-C815-4DC9-BD47-78B460F08B17}"
EndProject
Project("{2150E333-8FDC-42A3-9474-1A3956D46DE8}") = "Services", "Services", "{593C129A-A3E8-497A-8A6C-9B1C3C8F193F}"
EndProject
Project("{2150E333-8FDC-42A3-9474-1A3956D46DE8}") = "MyTEBot", "MyTEBot", "{7E53BB38-5A31-4FF5-A082-B19FC0331988}"
EndProject
Project("{FAE04EC0-301F-11D3-BF4B-00C04F79EFBC}") = "Services.Host.IIS", "Services\Services.Host.IIS\Services.Host.IIS.csproj", "{866047C3-DBD2-4F5E-9830-741F6B7777F6}"
EndProject
Project("{FAE04EC0-301F-11D3-BF4B-00C04F79EFBC}") = "MyTEBot.Service", "MyTEBot\MyTEBot.Service\MyTEBot.Service.csproj", "{5FB645EB-3D4C-4BBA-8313-1848A7781E0F}"
EndProject
Project("{FAE04EC0-301F-11D3-BF4B-00C04F79EFBC}") = "MyTEBot.Service.Tests", "MyTEBot\MyTEBot.Service.Tests\MyTEBot.Service.Tests.csproj", "{745AE72F-C597-48A2-B60C-3F5F4EF087DE}"
EndProject
Project("{2150E333-8FDC-42A3-9474-1A3956D46DE8}") = ".nuget", ".nuget", "{1F3A98B7-5B64-46EF-B6EE-DD7E08A5C73F}"
	ProjectSection(SolutionItems) = preProject
		.nuget\NuGet.Config = .nuget\NuGet.Config
		.nuget\NuGet.exe = .nuget\NuGet.exe
		.nuget\NuGet.targets = .nuget\NuGet.targets
	EndProjectSection
EndProject
Project("{2150E333-8FDC-42A3-9474-1A3956D46DE8}") = "DLL", "DLL", "{35CAF536-278B-4F58-A44A-6D54F03B82C5}"
	ProjectSection(SolutionItems) = preProject
		DLL\Accenture.CIO.AuthenticationFilters.dll = DLL\Accenture.CIO.AuthenticationFilters.dll
	EndProjectSection
EndProject
Global
	GlobalSection(SolutionConfigurationPlatforms) = preSolution
		Capability|Any CPU = Capability|Any CPU
		Debug|Any CPU = Debug|Any CPU
		devinthotfix|Any CPU = devinthotfix|Any CPU
		PerfTest|Any CPU = PerfTest|Any CPU
		Production|Any CPU = Production|Any CPU
		PT|Any CPU = PT|Any CPU
		Release|Any CPU = Release|Any CPU
		Training|Any CPU = Training|Any CPU
		UAT|Any CPU = UAT|Any CPU
	EndGlobalSection
	GlobalSection(ProjectConfigurationPlatforms) = postSolution
		{866047C3-DBD2-4F5E-9830-741F6B7777F6}.Capability|Any CPU.ActiveCfg = Capability|Any CPU
		{866047C3-DBD2-4F5E-9830-741F6B7777F6}.Capability|Any CPU.Build.0 = Capability|Any CPU
		{866047C3-DBD2-4F5E-9830-741F6B7777F6}.Debug|Any CPU.ActiveCfg = Debug|Any CPU
		{866047C3-DBD2-4F5E-9830-741F6B7777F6}.Debug|Any CPU.Build.0 = Debug|Any CPU
		{866047C3-DBD2-4F5E-9830-741F6B7777F6}.devinthotfix|Any CPU.ActiveCfg = devinthotfix|Any CPU
		{866047C3-DBD2-4F5E-9830-741F6B7777F6}.devinthotfix|Any CPU.Build.0 = devinthotfix|Any CPU
		{866047C3-DBD2-4F5E-9830-741F6B7777F6}.PerfTest|Any CPU.ActiveCfg = PerfTest|Any CPU
		{866047C3-DBD2-4F5E-9830-741F6B7777F6}.PerfTest|Any CPU.Build.0 = PerfTest|Any CPU
		{866047C3-DBD2-4F5E-9830-741F6B7777F6}.Production|Any CPU.ActiveCfg = Production|Any CPU
		{866047C3-DBD2-4F5E-9830-741F6B7777F6}.Production|Any CPU.Build.0 = Production|Any CPU
		{866047C3-DBD2-4F5E-9830-741F6B7777F6}.PT|Any CPU.ActiveCfg = PT|Any CPU
		{866047C3-DBD2-4F5E-9830-741F6B7777F6}.PT|Any CPU.Build.0 = PT|Any CPU
		{866047C3-DBD2-4F5E-9830-741F6B7777F6}.Release|Any CPU.ActiveCfg = Release|Any CPU
		{866047C3-DBD2-4F5E-9830-741F6B7777F6}.Release|Any CPU.Build.0 = Release|Any CPU
		{866047C3-DBD2-4F5E-9830-741F6B7777F6}.Training|Any CPU.ActiveCfg = Training|Any CPU
		{866047C3-DBD2-4F5E-9830-741F6B7777F6}.Training|Any CPU.Build.0 = Training|Any CPU
		{866047C3-DBD2-4F5E-9830-741F6B7777F6}.UAT|Any CPU.ActiveCfg = UAT|Any CPU
		{866047C3-DBD2-4F5E-9830-741F6B7777F6}.UAT|Any CPU.Build.0 = UAT|Any CPU
		{5FB645EB-3D4C-4BBA-8313-1848A7781E0F}.Capability|Any CPU.ActiveCfg = Capability|Any CPU
		{5FB645EB-3D4C-4BBA-8313-1848A7781E0F}.Capability|Any CPU.Build.0 = Capability|Any CPU
		{5FB645EB-3D4C-4BBA-8313-1848A7781E0F}.Debug|Any CPU.ActiveCfg = Debug|Any CPU
		{5FB645EB-3D4C-4BBA-8313-1848A7781E0F}.Debug|Any CPU.Build.0 = Debug|Any CPU
		{5FB645EB-3D4C-4BBA-8313-1848A7781E0F}.devinthotfix|Any CPU.ActiveCfg = devinthotfix|Any CPU
		{5FB645EB-3D4C-4BBA-8313-1848A7781E0F}.devinthotfix|Any CPU.Build.0 = devinthotfix|Any CPU
		{5FB645EB-3D4C-4BBA-8313-1848A7781E0F}.PerfTest|Any CPU.ActiveCfg = PerfTest|Any CPU
		{5FB645EB-3D4C-4BBA-8313-1848A7781E0F}.PerfTest|Any CPU.Build.0 = PerfTest|Any CPU
		{5FB645EB-3D4C-4BBA-8313-1848A7781E0F}.Production|Any CPU.ActiveCfg = Production|Any CPU
		{5FB645EB-3D4C-4BBA-8313-1848A7781E0F}.Production|Any CPU.Build.0 = Production|Any CPU
		{5FB645EB-3D4C-4BBA-8313-1848A7781E0F}.PT|Any CPU.ActiveCfg = PT|Any CPU
		{5FB645EB-3D4C-4BBA-8313-1848A7781E0F}.PT|Any CPU.Build.0 = PT|Any CPU
		{5FB645EB-3D4C-4BBA-8313-1848A7781E0F}.Release|Any CPU.ActiveCfg = Release|Any CPU
		{5FB645EB-3D4C-4BBA-8313-1848A7781E0F}.Release|Any CPU.Build.0 = Release|Any CPU
		{5FB645EB-3D4C-4BBA-8313-1848A7781E0F}.Training|Any CPU.ActiveCfg = Training|Any CPU
		{5FB645EB-3D4C-4BBA-8313-1848A7781E0F}.Training|Any CPU.Build.0 = Training|Any CPU
		{5FB645EB-3D4C-4BBA-8313-1848A7781E0F}.UAT|Any CPU.ActiveCfg = UAT|Any CPU
		{5FB645EB-3D4C-4BBA-8313-1848A7781E0F}.UAT|Any CPU.Build.0 = UAT|Any CPU
		{745AE72F-C597-48A2-B60C-3F5F4EF087DE}.Capability|Any CPU.ActiveCfg = Capability|Any CPU
		{745AE72F-C597-48A2-B60C-3F5F4EF087DE}.Capability|Any CPU.Build.0 = Capability|Any CPU
		{745AE72F-C597-48A2-B60C-3F5F4EF087DE}.Debug|Any CPU.ActiveCfg = Debug|Any CPU
		{745AE72F-C597-48A2-B60C-3F5F4EF087DE}.Debug|Any CPU.Build.0 = Debug|Any CPU
		{745AE72F-C597-48A2-B60C-3F5F4EF087DE}.devinthotfix|Any CPU.ActiveCfg = devinthotfix|Any CPU
		{745AE72F-C597-48A2-B60C-3F5F4EF087DE}.devinthotfix|Any CPU.Build.0 = devinthotfix|Any CPU
		{745AE72F-C597-48A2-B60C-3F5F4EF087DE}.PerfTest|Any CPU.ActiveCfg = PerfTest|Any CPU
		{745AE72F-C597-48A2-B60C-3F5F4EF087DE}.PerfTest|Any CPU.Build.0 = PerfTest|Any CPU
		{745AE72F-C597-48A2-B60C-3F5F4EF087DE}.Production|Any CPU.ActiveCfg = Production|Any CPU
		{745AE72F-C597-48A2-B60C-3F5F4EF087DE}.Production|Any CPU.Build.0 = Production|Any CPU
		{745AE72F-C597-48A2-B60C-3F5F4EF087DE}.PT|Any CPU.ActiveCfg = PT|Any CPU
		{745AE72F-C597-48A2-B60C-3F5F4EF087DE}.PT|Any CPU.Build.0 = PT|Any CPU
		{745AE72F-C597-48A2-B60C-3F5F4EF087DE}.Release|Any CPU.ActiveCfg = Release|Any CPU
		{745AE72F-C597-48A2-B60C-3F5F4EF087DE}.Release|Any CPU.Build.0 = Release|Any CPU
		{745AE72F-C597-48A2-B60C-3F5F4EF087DE}.Training|Any CPU.ActiveCfg = Training|Any CPU
		{745AE72F-C597-48A2-B60C-3F5F4EF087DE}.Training|Any CPU.Build.0 = Training|Any CPU
		{745AE72F-C597-48A2-B60C-3F5F4EF087DE}.UAT|Any CPU.ActiveCfg = UAT|Any CPU
		{745AE72F-C597-48A2-B60C-3F5F4EF087DE}.UAT|Any CPU.Build.0 = UAT|Any CPU
	EndGlobalSection
	GlobalSection(SolutionProperties) = preSolution
		HideSolutionNode = FALSE
	EndGlobalSection
	GlobalSection(NestedProjects) = preSolution
		{7E53BB38-5A31-4FF5-A082-B19FC0331988} = {593C129A-A3E8-497A-8A6C-9B1C3C8F193F}
		{866047C3-DBD2-4F5E-9830-741F6B7777F6} = {593C129A-A3E8-497A-8A6C-9B1C3C8F193F}
		{5FB645EB-3D4C-4BBA-8313-1848A7781E0F} = {7E53BB38-5A31-4FF5-A082-B19FC0331988}
		{745AE72F-C597-48A2-B60C-3F5F4EF087DE} = {7E53BB38-5A31-4FF5-A082-B19FC0331988}
	EndGlobalSection
	GlobalSection(ExtensibilityGlobals) = postSolution
		EnterpriseLibraryConfigurationToolBinariesPathV6 = packages\EnterpriseLibrary.Common.6.0.1304.0\lib\NET45;packages\EnterpriseLibrary.Validation.6.0.1304.0\lib\NET45;packages\EnterpriseLibrary.ExceptionHandling.6.0.1304.0\lib\NET45;packages\EnterpriseLibrary.Logging.6.0.1304.0\lib\NET45;packages\EnterpriseLibrary.ExceptionHandling.Logging.6.0.1304.0\lib\NET45
	EndGlobalSection
EndGlobal
